
Microsoft Visual Studio Solution File, Format Version 10.00
# Visual Studio 2008
Project("{FAE04EC0-301F-11D3-BF4B-00C04F79EFBC}") = "ExtDirect4DotNet", "ExtDirect4DotNet\ExtDirect4DotNet.csproj", "{512955A8-BA4C-4801-9DF4-38329BC9BFCF}"
EndProject
Global
	GlobalSection(SolutionConfigurationPlatforms) = preSolution
		Debug|Any CPU = Debug|Any CPU
		Release|Any CPU = Release|Any CPU
	EndGlobalSection
	GlobalSection(ProjectConfigurationPlatforms) = postSolution
		{512955A8-BA4C-4801-9DF4-38329BC9BFCF}.Debug|Any CPU.ActiveCfg = Debug|Any CPU
		{512955A8-BA4C-4801-9DF4-38329BC9BFCF}.Debug|Any CPU.Build.0 = Debug|Any CPU
		{512955A8-BA4C-4801-9DF4-38329BC9BFCF}.Release|Any CPU.ActiveCfg = Release|Any CPU
		{512955A8-BA4C-4801-9DF4-38329BC9BFCF}.Release|Any CPU.Build.0 = Release|Any CPU
	EndGlobalSection
	GlobalSection(SolutionProperties) = preSolution
		HideSolutionNode = FALSE
	EndGlobalSection
EndGlobal
